
Microsoft Visual Studio Solution File, Format Version 12.00
# Visual Studio Version 17
VisualStudioVersion = 17.7.34031.279
MinimumVisualStudioVersion = 10.0.40219.1
Project("{2150E333-8FDC-42A3-9474-1A3956D46DE8}") = "N57", "N57", "{E1045A7B-15D4-4C07-B64A-EAD42278ADE7}"
EndProject
Project("{2150E333-8FDC-42A3-9474-1A3956D46DE8}") = "Tasks", "Tasks", "{6F5C1A50-89FD-4F2B-8F96-A72C93A9E2BF}"
EndProject
Project("{2150E333-8FDC-42A3-9474-1A3956D46DE8}") = "HomeTasks", "HomeTasks", "{A8E4080A-DDF4-4547-8112-C329A641A205}"
EndProject
Project("{9A19103F-16F7-4668-BE54-9A1E7A4F7556}") = "Photogram", "Photogram\Photogram.csproj", "{10228765-4415-426A-A33E-834E34480E14}"
EndProject
Project("{2150E333-8FDC-42A3-9474-1A3956D46DE8}") = "N59", "N59", "{F472B177-A823-42F6-ACE8-1B4F5B1B4F30}"
EndProject
Project("{2150E333-8FDC-42A3-9474-1A3956D46DE8}") = "Tasks", "Tasks", "{5943153E-5ADF-456E-874A-15A9271979CF}"
EndProject
Project("{9A19103F-16F7-4668-BE54-9A1E7A4F7556}") = "StorageDirectories", "Directories\StorageDirectories.csproj", "{1835D240-78EA-40DE-B1FE-F494D8BC195E}"
EndProject
Project("{9A19103F-16F7-4668-BE54-9A1E7A4F7556}") = "fileStorage", "fileStorage\fileStorage.csproj", "{7BB961A9-535A-40AF-82AA-FCA5C051EB6E}"
EndProject
Project("{9A19103F-16F7-4668-BE54-9A1E7A4F7556}") = "FileStoregeHelper", "FileStoregeHelper\FileStoregeHelper.csproj", "{F1C62C87-38E2-4430-95EC-4E96D13F3EA8}"
EndProject
Project("{2150E333-8FDC-42A3-9474-1A3956D46DE8}") = "N60", "N60", "{E92828CD-E4A4-4DCB-8840-8D7E87F2AA3A}"
EndProject
Project("{2150E333-8FDC-42A3-9474-1A3956D46DE8}") = "Tasks", "Tasks", "{51C695CC-B29C-44E6-84F6-F03A712D2EBC}"
EndProject
Project("{2150E333-8FDC-42A3-9474-1A3956D46DE8}") = "N61", "N61", "{89F8A9CC-847C-4D7D-BFA8-24D8F763DAF5}"
EndProject
Project("{2150E333-8FDC-42A3-9474-1A3956D46DE8}") = "Tasks", "Tasks", "{48966C63-57F4-46BE-893C-2824135E3E6F}"
EndProject
Project("{FAE04EC0-301F-11D3-BF4B-00C04F79EFBC}") = "UsingMapSter", "UsingMapSter\UsingMapSter.csproj", "{BED83E09-9E8B-406B-B144-2F66523E2BB0}"
EndProject
Global
	GlobalSection(SolutionConfigurationPlatforms) = preSolution
		Debug|Any CPU = Debug|Any CPU
		Release|Any CPU = Release|Any CPU
	EndGlobalSection
	GlobalSection(ProjectConfigurationPlatforms) = postSolution
		{10228765-4415-426A-A33E-834E34480E14}.Debug|Any CPU.ActiveCfg = Debug|Any CPU
		{10228765-4415-426A-A33E-834E34480E14}.Debug|Any CPU.Build.0 = Debug|Any CPU
		{10228765-4415-426A-A33E-834E34480E14}.Release|Any CPU.ActiveCfg = Release|Any CPU
		{10228765-4415-426A-A33E-834E34480E14}.Release|Any CPU.Build.0 = Release|Any CPU
		{1835D240-78EA-40DE-B1FE-F494D8BC195E}.Debug|Any CPU.ActiveCfg = Debug|Any CPU
		{1835D240-78EA-40DE-B1FE-F494D8BC195E}.Debug|Any CPU.Build.0 = Debug|Any CPU
		{1835D240-78EA-40DE-B1FE-F494D8BC195E}.Release|Any CPU.ActiveCfg = Release|Any CPU
		{1835D240-78EA-40DE-B1FE-F494D8BC195E}.Release|Any CPU.Build.0 = Release|Any CPU
		{7BB961A9-535A-40AF-82AA-FCA5C051EB6E}.Debug|Any CPU.ActiveCfg = Debug|Any CPU
		{7BB961A9-535A-40AF-82AA-FCA5C051EB6E}.Debug|Any CPU.Build.0 = Debug|Any CPU
		{7BB961A9-535A-40AF-82AA-FCA5C051EB6E}.Release|Any CPU.ActiveCfg = Release|Any CPU
		{7BB961A9-535A-40AF-82AA-FCA5C051EB6E}.Release|Any CPU.Build.0 = Release|Any CPU
		{F1C62C87-38E2-4430-95EC-4E96D13F3EA8}.Debug|Any CPU.ActiveCfg = Debug|Any CPU
		{F1C62C87-38E2-4430-95EC-4E96D13F3EA8}.Debug|Any CPU.Build.0 = Debug|Any CPU
		{F1C62C87-38E2-4430-95EC-4E96D13F3EA8}.Release|Any CPU.ActiveCfg = Release|Any CPU
		{F1C62C87-38E2-4430-95EC-4E96D13F3EA8}.Release|Any CPU.Build.0 = Release|Any CPU
		{BED83E09-9E8B-406B-B144-2F66523E2BB0}.Debug|Any CPU.ActiveCfg = Debug|Any CPU
		{BED83E09-9E8B-406B-B144-2F66523E2BB0}.Debug|Any CPU.Build.0 = Debug|Any CPU
		{BED83E09-9E8B-406B-B144-2F66523E2BB0}.Release|Any CPU.ActiveCfg = Release|Any CPU
		{BED83E09-9E8B-406B-B144-2F66523E2BB0}.Release|Any CPU.Build.0 = Release|Any CPU
	EndGlobalSection
	GlobalSection(SolutionProperties) = preSolution
		HideSolutionNode = FALSE
	EndGlobalSection
	GlobalSection(NestedProjects) = preSolution
		{6F5C1A50-89FD-4F2B-8F96-A72C93A9E2BF} = {E1045A7B-15D4-4C07-B64A-EAD42278ADE7}
		{A8E4080A-DDF4-4547-8112-C329A641A205} = {E1045A7B-15D4-4C07-B64A-EAD42278ADE7}
		{10228765-4415-426A-A33E-834E34480E14} = {A8E4080A-DDF4-4547-8112-C329A641A205}
		{5943153E-5ADF-456E-874A-15A9271979CF} = {F472B177-A823-42F6-ACE8-1B4F5B1B4F30}
		{1835D240-78EA-40DE-B1FE-F494D8BC195E} = {5943153E-5ADF-456E-874A-15A9271979CF}
		{7BB961A9-535A-40AF-82AA-FCA5C051EB6E} = {5943153E-5ADF-456E-874A-15A9271979CF}
		{F1C62C87-38E2-4430-95EC-4E96D13F3EA8} = {51C695CC-B29C-44E6-84F6-F03A712D2EBC}
		{51C695CC-B29C-44E6-84F6-F03A712D2EBC} = {E92828CD-E4A4-4DCB-8840-8D7E87F2AA3A}
		{48966C63-57F4-46BE-893C-2824135E3E6F} = {89F8A9CC-847C-4D7D-BFA8-24D8F763DAF5}
		{BED83E09-9E8B-406B-B144-2F66523E2BB0} = {48966C63-57F4-46BE-893C-2824135E3E6F}
	EndGlobalSection
	GlobalSection(ExtensibilityGlobals) = postSolution
		SolutionGuid = {71A54E89-65AB-457A-B180-AFBDA474A97D}
	EndGlobalSection
EndGlobal
